
Microsoft Visual Studio Solution File, Format Version 12.00
# Visual Studio Version 17
VisualStudioVersion = 17.11.35327.3
MinimumVisualStudioVersion = 10.0.40219.1
Project("{FAE04EC0-301F-11D3-BF4B-00C04F79EFBC}") = "LabFinal", "LabFinal\LabFinal.csproj", "{E49521D0-B00D-4BA7-8578-CB5E7283F078}"
EndProject
Project("{FAE04EC0-301F-11D3-BF4B-00C04F79EFBC}") = "DAL", "DAL\DAL.csproj", "{F2304E72-701A-4CF0-8D37-8617F17FF82B}"
EndProject
Project("{FAE04EC0-301F-11D3-BF4B-00C04F79EFBC}") = "BLL", "BLL\BLL.csproj", "{87AB8427-385B-41C0-A463-6285DD57C086}"
EndProject
Global
	GlobalSection(SolutionConfigurationPlatforms) = preSolution
		Debug|Any CPU = Debug|Any CPU
		Release|Any CPU = Release|Any CPU
	EndGlobalSection
	GlobalSection(ProjectConfigurationPlatforms) = postSolution
		{E49521D0-B00D-4BA7-8578-CB5E7283F078}.Debug|Any CPU.ActiveCfg = Debug|Any CPU
		{E49521D0-B00D-4BA7-8578-CB5E7283F078}.Debug|Any CPU.Build.0 = Debug|Any CPU
		{E49521D0-B00D-4BA7-8578-CB5E7283F078}.Release|Any CPU.ActiveCfg = Release|Any CPU
		{E49521D0-B00D-4BA7-8578-CB5E7283F078}.Release|Any CPU.Build.0 = Release|Any CPU
		{F2304E72-701A-4CF0-8D37-8617F17FF82B}.Debug|Any CPU.ActiveCfg = Debug|Any CPU
		{F2304E72-701A-4CF0-8D37-8617F17FF82B}.Debug|Any CPU.Build.0 = Debug|Any CPU
		{F2304E72-701A-4CF0-8D37-8617F17FF82B}.Release|Any CPU.ActiveCfg = Release|Any CPU
		{F2304E72-701A-4CF0-8D37-8617F17FF82B}.Release|Any CPU.Build.0 = Release|Any CPU
		{87AB8427-385B-41C0-A463-6285DD57C086}.Debug|Any CPU.ActiveCfg = Debug|Any CPU
		{87AB8427-385B-41C0-A463-6285DD57C086}.Debug|Any CPU.Build.0 = Debug|Any CPU
		{87AB8427-385B-41C0-A463-6285DD57C086}.Release|Any CPU.ActiveCfg = Release|Any CPU
		{87AB8427-385B-41C0-A463-6285DD57C086}.Release|Any CPU.Build.0 = Release|Any CPU
	EndGlobalSection
	GlobalSection(SolutionProperties) = preSolution
		HideSolutionNode = FALSE
	EndGlobalSection
	GlobalSection(ExtensibilityGlobals) = postSolution
		SolutionGuid = {158E847E-1BDA-458A-8827-C18506023D49}
	EndGlobalSection
EndGlobal
