
Microsoft Visual Studio Solution File, Format Version 12.00
# Visual Studio Version 17
VisualStudioVersion = 17.11.35327.3
MinimumVisualStudioVersion = 10.0.40219.1
Project("{FAE04EC0-301F-11D3-BF4B-00C04F79EFBC}") = "TRP", "TRP\TRP.csproj", "{B80CC0BE-4081-4A44-B604-5EB7BE2D558A}"
EndProject
Global
	GlobalSection(SolutionConfigurationPlatforms) = preSolution
		Debug|Any CPU = Debug|Any CPU
		Release|Any CPU = Release|Any CPU
	EndGlobalSection
	GlobalSection(ProjectConfigurationPlatforms) = postSolution
		{B80CC0BE-4081-4A44-B604-5EB7BE2D558A}.Debug|Any CPU.ActiveCfg = Debug|Any CPU
		{B80CC0BE-4081-4A44-B604-5EB7BE2D558A}.Debug|Any CPU.Build.0 = Debug|Any CPU
		{B80CC0BE-4081-4A44-B604-5EB7BE2D558A}.Release|Any CPU.ActiveCfg = Release|Any CPU
		{B80CC0BE-4081-4A44-B604-5EB7BE2D558A}.Release|Any CPU.Build.0 = Release|Any CPU
	EndGlobalSection
	GlobalSection(SolutionProperties) = preSolution
		HideSolutionNode = FALSE
	EndGlobalSection
	GlobalSection(ExtensibilityGlobals) = postSolution
		SolutionGuid = {D76E22F6-3435-48A1-AD7D-59D9644D77E0}
	EndGlobalSection
EndGlobal
